
Microsoft Visual Studio Solution File, Format Version 12.00
# Visual Studio 2012
Project("{FAE04EC0-301F-11D3-BF4B-00C04F79EFBC}") = "Intercom.Forms.iOS", "Intercom.Forms.iOS\Intercom.Forms.iOS.csproj", "{0C7D43A8-38D7-46A0-BA96-3080E4DBE4EB}"
EndProject
Project("{2150E333-8FDC-42A3-9474-1A3956D46DE8}") = "Android", "Android", "{84F27518-F54B-4480-ACBF-15FBECC19A2F}"
EndProject
Project("{2150E333-8FDC-42A3-9474-1A3956D46DE8}") = "iOS", "iOS", "{A1750D58-E194-4824-B135-01F1BC0A67FE}"
EndProject
Project("{FAE04EC0-301F-11D3-BF4B-00C04F79EFBC}") = "Intercom.Sdk.iOS", "Intercom.Forms.iOS\IntercomSDK_iOS\Intercom.Sdk.iOS.csproj", "{3BDADC0F-FD68-43A3-9E7C-323116A8ECEE}"
EndProject
Project("{9344BDBB-3E7F-41FC-A0DD-8665D75EE146}") = "Intercom.Forms.Shared", "Intercom.Forms.Shared\Intercom.Forms.Shared.shproj", "{7A81BFB6-E7DE-4064-AD52-E6750FBFFB35}"
EndProject
Project("{9344BDBB-3E7F-41FC-A0DD-8665D75EE146}") = "Intercom.Forms.NuGet", "Intercom.Forms.NuGet\Intercom.Forms.NuGet.nuproj", "{643C9BBC-E387-432B-B5D1-92BB27B072C4}"
EndProject
Project("{9344BDBB-3E7F-41FC-A0DD-8665D75EE146}") = "Intercom.Forms.Android", "Intercom.Forms.Android\Intercom.Forms.Android.csproj", "{C36D80EC-3BB8-49D1-9CA5-58AD797C793C}"
EndProject
Project("{9344BDBB-3E7F-41FC-A0DD-8665D75EE146}") = "IntercomSDK_Droid_Base", "Intercom.Forms.Android\IntercomSDK_Droid_Base\IntercomSDK_Droid_Base.csproj", "{29CDFC51-EF9E-4026-B87A-E4F216F315ED}"
EndProject
Project("{9344BDBB-3E7F-41FC-A0DD-8665D75EE146}") = "IntercomSDK_Droid_Composer", "Intercom.Forms.Android\IntercomSDK_Droid_Composer\IntercomSDK_Droid_Composer.csproj", "{328E1611-FE85-4425-94FD-C046C053AE03}"
EndProject
Project("{9344BDBB-3E7F-41FC-A0DD-8665D75EE146}") = "IntercomSDK_Droid_Composer_Gallery", "Intercom.Forms.Android\IntercomSDK_Droid_Composer_Gallery\IntercomSDK_Droid_Composer_Gallery.csproj", "{1FF89E54-3229-485A-971F-2A4D744EE2CB}"
EndProject
Project("{9344BDBB-3E7F-41FC-A0DD-8665D75EE146}") = "IntercomSDK_Droid_Gcm", "Intercom.Forms.Android\IntercomSDK_Droid_Gcm\IntercomSDK_Droid_Gcm.csproj", "{71CEA7D2-4BC1-4735-B898-A510881A48F5}"
EndProject
Global
	GlobalSection(SolutionConfigurationPlatforms) = preSolution
		Debug|Any CPU = Debug|Any CPU
		Release|Any CPU = Release|Any CPU
	EndGlobalSection
	GlobalSection(ProjectConfigurationPlatforms) = postSolution
		{0C7D43A8-38D7-46A0-BA96-3080E4DBE4EB}.Debug|Any CPU.ActiveCfg = Debug|Any CPU
		{0C7D43A8-38D7-46A0-BA96-3080E4DBE4EB}.Debug|Any CPU.Build.0 = Debug|Any CPU
		{0C7D43A8-38D7-46A0-BA96-3080E4DBE4EB}.Release|Any CPU.ActiveCfg = Release|Any CPU
		{0C7D43A8-38D7-46A0-BA96-3080E4DBE4EB}.Release|Any CPU.Build.0 = Release|Any CPU
		{3BDADC0F-FD68-43A3-9E7C-323116A8ECEE}.Debug|Any CPU.ActiveCfg = Debug|Any CPU
		{3BDADC0F-FD68-43A3-9E7C-323116A8ECEE}.Debug|Any CPU.Build.0 = Debug|Any CPU
		{3BDADC0F-FD68-43A3-9E7C-323116A8ECEE}.Release|Any CPU.ActiveCfg = Release|Any CPU
		{3BDADC0F-FD68-43A3-9E7C-323116A8ECEE}.Release|Any CPU.Build.0 = Release|Any CPU
		{643C9BBC-E387-432B-B5D1-92BB27B072C4}.Debug|Any CPU.ActiveCfg = Debug|Any CPU
		{643C9BBC-E387-432B-B5D1-92BB27B072C4}.Debug|Any CPU.Build.0 = Debug|Any CPU
		{643C9BBC-E387-432B-B5D1-92BB27B072C4}.Release|Any CPU.ActiveCfg = Release|Any CPU
		{643C9BBC-E387-432B-B5D1-92BB27B072C4}.Release|Any CPU.Build.0 = Release|Any CPU
		{C36D80EC-3BB8-49D1-9CA5-58AD797C793C}.Debug|Any CPU.ActiveCfg = Debug|Any CPU
		{C36D80EC-3BB8-49D1-9CA5-58AD797C793C}.Debug|Any CPU.Build.0 = Debug|Any CPU
		{C36D80EC-3BB8-49D1-9CA5-58AD797C793C}.Release|Any CPU.ActiveCfg = Release|Any CPU
		{C36D80EC-3BB8-49D1-9CA5-58AD797C793C}.Release|Any CPU.Build.0 = Release|Any CPU
		{29CDFC51-EF9E-4026-B87A-E4F216F315ED}.Debug|Any CPU.ActiveCfg = Debug|Any CPU
		{29CDFC51-EF9E-4026-B87A-E4F216F315ED}.Debug|Any CPU.Build.0 = Debug|Any CPU
		{29CDFC51-EF9E-4026-B87A-E4F216F315ED}.Release|Any CPU.ActiveCfg = Release|Any CPU
		{29CDFC51-EF9E-4026-B87A-E4F216F315ED}.Release|Any CPU.Build.0 = Release|Any CPU
		{328E1611-FE85-4425-94FD-C046C053AE03}.Debug|Any CPU.ActiveCfg = Debug|Any CPU
		{328E1611-FE85-4425-94FD-C046C053AE03}.Debug|Any CPU.Build.0 = Debug|Any CPU
		{328E1611-FE85-4425-94FD-C046C053AE03}.Release|Any CPU.ActiveCfg = Release|Any CPU
		{328E1611-FE85-4425-94FD-C046C053AE03}.Release|Any CPU.Build.0 = Release|Any CPU
		{1FF89E54-3229-485A-971F-2A4D744EE2CB}.Debug|Any CPU.ActiveCfg = Debug|Any CPU
		{1FF89E54-3229-485A-971F-2A4D744EE2CB}.Debug|Any CPU.Build.0 = Debug|Any CPU
		{1FF89E54-3229-485A-971F-2A4D744EE2CB}.Release|Any CPU.ActiveCfg = Release|Any CPU
		{1FF89E54-3229-485A-971F-2A4D744EE2CB}.Release|Any CPU.Build.0 = Release|Any CPU
		{71CEA7D2-4BC1-4735-B898-A510881A48F5}.Debug|Any CPU.ActiveCfg = Debug|Any CPU
		{71CEA7D2-4BC1-4735-B898-A510881A48F5}.Debug|Any CPU.Build.0 = Debug|Any CPU
		{71CEA7D2-4BC1-4735-B898-A510881A48F5}.Release|Any CPU.ActiveCfg = Release|Any CPU
		{71CEA7D2-4BC1-4735-B898-A510881A48F5}.Release|Any CPU.Build.0 = Release|Any CPU
	EndGlobalSection
	GlobalSection(NestedProjects) = preSolution
		{0C7D43A8-38D7-46A0-BA96-3080E4DBE4EB} = {A1750D58-E194-4824-B135-01F1BC0A67FE}
		{3BDADC0F-FD68-43A3-9E7C-323116A8ECEE} = {A1750D58-E194-4824-B135-01F1BC0A67FE}
		{C36D80EC-3BB8-49D1-9CA5-58AD797C793C} = {84F27518-F54B-4480-ACBF-15FBECC19A2F}
		{29CDFC51-EF9E-4026-B87A-E4F216F315ED} = {84F27518-F54B-4480-ACBF-15FBECC19A2F}
		{328E1611-FE85-4425-94FD-C046C053AE03} = {84F27518-F54B-4480-ACBF-15FBECC19A2F}
		{1FF89E54-3229-485A-971F-2A4D744EE2CB} = {84F27518-F54B-4480-ACBF-15FBECC19A2F}
		{71CEA7D2-4BC1-4735-B898-A510881A48F5} = {84F27518-F54B-4480-ACBF-15FBECC19A2F}
	EndGlobalSection
	GlobalSection(MonoDevelopProperties) = preSolution
		version = 6.1.0
	EndGlobalSection
EndGlobal
