
Microsoft Visual Studio Solution File, Format Version 12.00
# Visual Studio 2012
Project("{D954291E-2A0B-460D-934E-DC6B0785DB48}") = "Intercom.Forms.Shared", "Intercom.Forms.Shared\Intercom.Forms.Shared.shproj", "{6EE3A4C5-EF7C-4E24-8112-1A61E0A341A6}"
EndProject
Project("{FAE04EC0-301F-11D3-BF4B-00C04F79EFBC}") = "Intercom.Forms.iOS", "Intercom.Forms.iOS\Intercom.Forms.iOS.csproj", "{0C7D43A8-38D7-46A0-BA96-3080E4DBE4EB}"
EndProject
Project("{FAE04EC0-301F-11D3-BF4B-00C04F79EFBC}") = "Intercom.Forms.Android", "Intercom.Forms.Android\Intercom.Forms.Android.csproj", "{C0268C3E-C3E6-4045-B0B0-75C0F45FB9AD}"
EndProject
Project("{5DD5E4FA-CB73-4610-85AB-557B54E96AA9}") = "Intercom.Forms.NuGet", "Intercom.Forms.NuGet\Intercom.Forms.NuGet.nuproj", "{1DB43841-73ED-4F21-9914-C82FAC26F747}"
EndProject
Project("{2150E333-8FDC-42A3-9474-1A3956D46DE8}") = "Android", "Android", "{84F27518-F54B-4480-ACBF-15FBECC19A2F}"
EndProject
Project("{FAE04EC0-301F-11D3-BF4B-00C04F79EFBC}") = "IntercomSDK_Droid_Base", "Intercom.Forms.Android\IntercomSDK_Droid_Base\IntercomSDK_Droid_Base.csproj", "{7F125DDE-175D-42B4-AA5E-2B869680EC3E}"
EndProject
Project("{FAE04EC0-301F-11D3-BF4B-00C04F79EFBC}") = "IntercomSDK_Droid_Composer", "Intercom.Forms.Android\IntercomSDK_Droid_Composer\IntercomSDK_Droid_Composer.csproj", "{B137D900-269F-4AE5-BEFE-D2B0EE59C64F}"
EndProject
Project("{FAE04EC0-301F-11D3-BF4B-00C04F79EFBC}") = "IntercomSDK_Droid_Composer_Gallery", "Intercom.Forms.Android\IntercomSDK_Droid_Composer_Gallery\IntercomSDK_Droid_Composer_Gallery.csproj", "{6E1B231D-5C50-43F9-A2B2-7A60CD5124F9}"
EndProject
Project("{FAE04EC0-301F-11D3-BF4B-00C04F79EFBC}") = "IntercomSDK_Droid_Gcm", "Intercom.Forms.Android\IntercomSDK_Droid_Gcm\IntercomSDK_Droid_Gcm.csproj", "{735F83D8-675B-468F-B83C-FC84E22F9E4F}"
EndProject
Project("{2150E333-8FDC-42A3-9474-1A3956D46DE8}") = "iOS", "iOS", "{A1750D58-E194-4824-B135-01F1BC0A67FE}"
EndProject
Project("{FAE04EC0-301F-11D3-BF4B-00C04F79EFBC}") = "IntercomSDK_iOS", "Intercom.Forms.iOS\IntercomSDK_iOS\IntercomSDK_iOS.csproj", "{3BDADC0F-FD68-43A3-9E7C-323116A8ECEE}"
EndProject
Global
	GlobalSection(SolutionConfigurationPlatforms) = preSolution
		Debug|Any CPU = Debug|Any CPU
		Release|Any CPU = Release|Any CPU
	EndGlobalSection
	GlobalSection(ProjectConfigurationPlatforms) = postSolution
		{0C7D43A8-38D7-46A0-BA96-3080E4DBE4EB}.Debug|Any CPU.ActiveCfg = Debug|Any CPU
		{0C7D43A8-38D7-46A0-BA96-3080E4DBE4EB}.Debug|Any CPU.Build.0 = Debug|Any CPU
		{0C7D43A8-38D7-46A0-BA96-3080E4DBE4EB}.Release|Any CPU.ActiveCfg = Release|Any CPU
		{0C7D43A8-38D7-46A0-BA96-3080E4DBE4EB}.Release|Any CPU.Build.0 = Release|Any CPU
		{C0268C3E-C3E6-4045-B0B0-75C0F45FB9AD}.Debug|Any CPU.ActiveCfg = Debug|Any CPU
		{C0268C3E-C3E6-4045-B0B0-75C0F45FB9AD}.Debug|Any CPU.Build.0 = Debug|Any CPU
		{C0268C3E-C3E6-4045-B0B0-75C0F45FB9AD}.Release|Any CPU.ActiveCfg = Release|Any CPU
		{C0268C3E-C3E6-4045-B0B0-75C0F45FB9AD}.Release|Any CPU.Build.0 = Release|Any CPU
		{1DB43841-73ED-4F21-9914-C82FAC26F747}.Debug|Any CPU.ActiveCfg = Debug|Any CPU
		{1DB43841-73ED-4F21-9914-C82FAC26F747}.Debug|Any CPU.Build.0 = Debug|Any CPU
		{1DB43841-73ED-4F21-9914-C82FAC26F747}.Release|Any CPU.ActiveCfg = Release|Any CPU
		{1DB43841-73ED-4F21-9914-C82FAC26F747}.Release|Any CPU.Build.0 = Release|Any CPU
		{7F125DDE-175D-42B4-AA5E-2B869680EC3E}.Debug|Any CPU.ActiveCfg = Debug|Any CPU
		{7F125DDE-175D-42B4-AA5E-2B869680EC3E}.Debug|Any CPU.Build.0 = Debug|Any CPU
		{7F125DDE-175D-42B4-AA5E-2B869680EC3E}.Release|Any CPU.ActiveCfg = Release|Any CPU
		{7F125DDE-175D-42B4-AA5E-2B869680EC3E}.Release|Any CPU.Build.0 = Release|Any CPU
		{B137D900-269F-4AE5-BEFE-D2B0EE59C64F}.Debug|Any CPU.ActiveCfg = Debug|Any CPU
		{B137D900-269F-4AE5-BEFE-D2B0EE59C64F}.Debug|Any CPU.Build.0 = Debug|Any CPU
		{B137D900-269F-4AE5-BEFE-D2B0EE59C64F}.Release|Any CPU.ActiveCfg = Release|Any CPU
		{B137D900-269F-4AE5-BEFE-D2B0EE59C64F}.Release|Any CPU.Build.0 = Release|Any CPU
		{6E1B231D-5C50-43F9-A2B2-7A60CD5124F9}.Debug|Any CPU.ActiveCfg = Debug|Any CPU
		{6E1B231D-5C50-43F9-A2B2-7A60CD5124F9}.Debug|Any CPU.Build.0 = Debug|Any CPU
		{6E1B231D-5C50-43F9-A2B2-7A60CD5124F9}.Release|Any CPU.ActiveCfg = Release|Any CPU
		{6E1B231D-5C50-43F9-A2B2-7A60CD5124F9}.Release|Any CPU.Build.0 = Release|Any CPU
		{735F83D8-675B-468F-B83C-FC84E22F9E4F}.Debug|Any CPU.ActiveCfg = Debug|Any CPU
		{735F83D8-675B-468F-B83C-FC84E22F9E4F}.Debug|Any CPU.Build.0 = Debug|Any CPU
		{735F83D8-675B-468F-B83C-FC84E22F9E4F}.Release|Any CPU.ActiveCfg = Release|Any CPU
		{735F83D8-675B-468F-B83C-FC84E22F9E4F}.Release|Any CPU.Build.0 = Release|Any CPU
		{3BDADC0F-FD68-43A3-9E7C-323116A8ECEE}.Debug|Any CPU.ActiveCfg = Debug|Any CPU
		{3BDADC0F-FD68-43A3-9E7C-323116A8ECEE}.Debug|Any CPU.Build.0 = Debug|Any CPU
		{3BDADC0F-FD68-43A3-9E7C-323116A8ECEE}.Release|Any CPU.ActiveCfg = Release|Any CPU
		{3BDADC0F-FD68-43A3-9E7C-323116A8ECEE}.Release|Any CPU.Build.0 = Release|Any CPU
	EndGlobalSection
	GlobalSection(NestedProjects) = preSolution
		{C0268C3E-C3E6-4045-B0B0-75C0F45FB9AD} = {84F27518-F54B-4480-ACBF-15FBECC19A2F}
		{7F125DDE-175D-42B4-AA5E-2B869680EC3E} = {84F27518-F54B-4480-ACBF-15FBECC19A2F}
		{B137D900-269F-4AE5-BEFE-D2B0EE59C64F} = {84F27518-F54B-4480-ACBF-15FBECC19A2F}
		{6E1B231D-5C50-43F9-A2B2-7A60CD5124F9} = {84F27518-F54B-4480-ACBF-15FBECC19A2F}
		{735F83D8-675B-468F-B83C-FC84E22F9E4F} = {84F27518-F54B-4480-ACBF-15FBECC19A2F}
		{0C7D43A8-38D7-46A0-BA96-3080E4DBE4EB} = {A1750D58-E194-4824-B135-01F1BC0A67FE}
		{3BDADC0F-FD68-43A3-9E7C-323116A8ECEE} = {A1750D58-E194-4824-B135-01F1BC0A67FE}
	EndGlobalSection
EndGlobal
